
Microsoft Visual Studio Solution File, Format Version 11.00
# Visual Studio 2010
Project("{8BC9CEB8-8B4A-11D0-8D11-00A0C91BC942}") = "3d", "3d.vcxproj", "{4D69B6EC-93E8-426B-B3A4-5770CC0230D6}"
EndProject
Project("{8BC9CEB8-8B4A-11D0-8D11-00A0C91BC942}") = "asyncio", "asyncio.vcxproj", "{7B930C6B-E0DD-4469-9036-93F7809D229A}"
EndProject
Project("{8BC9CEB8-8B4A-11D0-8D11-00A0C91BC942}") = "channel_groups", "channel_groups.vcxproj", "{57C951FB-5F22-4264-A927-0857E666D417}"
EndProject
Project("{8BC9CEB8-8B4A-11D0-8D11-00A0C91BC942}") = "convolution_reverb", "convolution_reverb.vcxproj", "{51361E79-0236-4F28-ABF3-33CED2CFB434}"
EndProject
Project("{8BC9CEB8-8B4A-11D0-8D11-00A0C91BC942}") = "dsp_custom", "dsp_custom.vcxproj", "{F501BA66-E122-4EA0-ABDE-98932A294D63}"
EndProject
Project("{8BC9CEB8-8B4A-11D0-8D11-00A0C91BC942}") = "dsp_effect_per_speaker", "dsp_effect_per_speaker.vcxproj", "{C18C825D-C993-4429-BD36-91FB190AC03D}"
EndProject
Project("{8BC9CEB8-8B4A-11D0-8D11-00A0C91BC942}") = "dsp_inspector", "dsp_inspector.vcxproj", "{A55ACAF6-02D4-4408-A2D3-B100D527D008}"
EndProject
Project("{8BC9CEB8-8B4A-11D0-8D11-00A0C91BC942}") = "effects", "effects.vcxproj", "{9B5CE282-7672-477B-B07A-DDC8113E542A}"
EndProject
Project("{8BC9CEB8-8B4A-11D0-8D11-00A0C91BC942}") = "gapless_playback", "gapless_playback.vcxproj", "{67EF2D27-85D3-4602-804D-B0DC66E8C0E1}"
EndProject
Project("{8BC9CEB8-8B4A-11D0-8D11-00A0C91BC942}") = "generate_tone", "generate_tone.vcxproj", "{61D3AF95-4248-4739-B816-399D475374CA}"
EndProject
Project("{8BC9CEB8-8B4A-11D0-8D11-00A0C91BC942}") = "granular_synth", "granular_synth.vcxproj", "{0659CC14-8A8D-484A-A911-C308B3F6A4E7}"
EndProject
Project("{8BC9CEB8-8B4A-11D0-8D11-00A0C91BC942}") = "load_from_memory", "load_from_memory.vcxproj", "{6F8D4699-1113-45F6-9DB4-5732D84DA46D}"
EndProject
Project("{8BC9CEB8-8B4A-11D0-8D11-00A0C91BC942}") = "multiple_speaker", "multiple_speaker.vcxproj", "{3047F9D0-5796-4EF8-8BE2-E2285EA889E2}"
EndProject
Project("{8BC9CEB8-8B4A-11D0-8D11-00A0C91BC942}") = "multiple_system", "multiple_system.vcxproj", "{6DBF0CD3-EF86-4064-B562-35AC0FE682BC}"
EndProject
Project("{8BC9CEB8-8B4A-11D0-8D11-00A0C91BC942}") = "net_stream", "net_stream.vcxproj", "{884A8329-C714-4F8B-9AA8-F8058B3438CB}"
EndProject
Project("{8BC9CEB8-8B4A-11D0-8D11-00A0C91BC942}") = "play_sound", "play_sound.vcxproj", "{79F7DCE0-E5FA-47CC-A1DB-34B10B9726B2}"
EndProject
Project("{8BC9CEB8-8B4A-11D0-8D11-00A0C91BC942}") = "play_stream", "play_stream.vcxproj", "{7481F884-33B3-4D98-A4B7-8C24B48F648E}"
EndProject
Project("{8BC9CEB8-8B4A-11D0-8D11-00A0C91BC942}") = "record", "record.vcxproj", "{3FBC28E5-3590-4161-87FC-AF2DF32AD9D0}"
EndProject
Project("{8BC9CEB8-8B4A-11D0-8D11-00A0C91BC942}") = "record_enumeration", "record_enumeration.vcxproj", "{4A91F656-CE2A-440D-9B73-17B3C7568EF0}"
EndProject
Project("{8BC9CEB8-8B4A-11D0-8D11-00A0C91BC942}") = "user_created_sound", "user_created_sound.vcxproj", "{C8BDC057-2FEC-4B27-9656-597591021C10}"
EndProject
Project("{8BC9CEB8-8B4A-11D0-8D11-00A0C91BC942}") = "fmod_codec_raw", "fmod_codec_raw.vcxproj", "{8D683E30-DC70-4530-BD7F-3C9D4E4389BF}"
EndProject
Project("{8BC9CEB8-8B4A-11D0-8D11-00A0C91BC942}") = "fmod_distance_filter", "fmod_distance_filter.vcxproj", "{AF42ECA6-B21A-46A4-8352-0322C94B20DA}"
EndProject
Project("{8BC9CEB8-8B4A-11D0-8D11-00A0C91BC942}") = "fmod_gain", "fmod_gain.vcxproj", "{9C54BD41-698A-432D-BCC3-402B85BAD6F8}"
EndProject
Project("{8BC9CEB8-8B4A-11D0-8D11-00A0C91BC942}") = "fmod_noise", "fmod_noise.vcxproj", "{4422A9E1-5246-47C6-9566-B31F9369CBC9}"
EndProject
Project("{8BC9CEB8-8B4A-11D0-8D11-00A0C91BC942}") = "output_mp3", "output_mp3.vcxproj", "{D7363739-CCA1-479F-9E62-64CF10813196}"
EndProject
Global
	GlobalSection(SolutionConfigurationPlatforms) = preSolution
		Debug|Win32 = Debug|Win32
		Debug|x64 = Debug|x64
		Release|Win32 = Release|Win32
		Release|x64 = Release|x64
	EndGlobalSection
	GlobalSection(ProjectConfigurationPlatforms) = postSolution
		{4D69B6EC-93E8-426B-B3A4-5770CC0230D6}.Debug|Win32.ActiveCfg = Debug|Win32
		{4D69B6EC-93E8-426B-B3A4-5770CC0230D6}.Debug|Win32.Build.0 = Debug|Win32
		{4D69B6EC-93E8-426B-B3A4-5770CC0230D6}.Debug|Win32.Deploy.0 = Debug|Win32
		{4D69B6EC-93E8-426B-B3A4-5770CC0230D6}.Debug|x64.ActiveCfg = Debug|x64
		{4D69B6EC-93E8-426B-B3A4-5770CC0230D6}.Debug|x64.Build.0 = Debug|x64
		{4D69B6EC-93E8-426B-B3A4-5770CC0230D6}.Debug|x64.Deploy.0 = Debug|x64
		{4D69B6EC-93E8-426B-B3A4-5770CC0230D6}.Release|Win32.ActiveCfg = Release|Win32
		{4D69B6EC-93E8-426B-B3A4-5770CC0230D6}.Release|Win32.Build.0 = Release|Win32
		{4D69B6EC-93E8-426B-B3A4-5770CC0230D6}.Release|Win32.Deploy.0 = Release|Win32
		{4D69B6EC-93E8-426B-B3A4-5770CC0230D6}.Release|x64.ActiveCfg = Release|x64
		{4D69B6EC-93E8-426B-B3A4-5770CC0230D6}.Release|x64.Build.0 = Release|x64
		{4D69B6EC-93E8-426B-B3A4-5770CC0230D6}.Release|x64.Deploy.0 = Release|x64
		{7B930C6B-E0DD-4469-9036-93F7809D229A}.Debug|Win32.ActiveCfg = Debug|Win32
		{7B930C6B-E0DD-4469-9036-93F7809D229A}.Debug|Win32.Build.0 = Debug|Win32
		{7B930C6B-E0DD-4469-9036-93F7809D229A}.Debug|Win32.Deploy.0 = Debug|Win32
		{7B930C6B-E0DD-4469-9036-93F7809D229A}.Debug|x64.ActiveCfg = Debug|x64
		{7B930C6B-E0DD-4469-9036-93F7809D229A}.Debug|x64.Build.0 = Debug|x64
		{7B930C6B-E0DD-4469-9036-93F7809D229A}.Debug|x64.Deploy.0 = Debug|x64
		{7B930C6B-E0DD-4469-9036-93F7809D229A}.Release|Win32.ActiveCfg = Release|Win32
		{7B930C6B-E0DD-4469-9036-93F7809D229A}.Release|Win32.Build.0 = Release|Win32
		{7B930C6B-E0DD-4469-9036-93F7809D229A}.Release|Win32.Deploy.0 = Release|Win32
		{7B930C6B-E0DD-4469-9036-93F7809D229A}.Release|x64.ActiveCfg = Release|x64
		{7B930C6B-E0DD-4469-9036-93F7809D229A}.Release|x64.Build.0 = Release|x64
		{7B930C6B-E0DD-4469-9036-93F7809D229A}.Release|x64.Deploy.0 = Release|x64
		{57C951FB-5F22-4264-A927-0857E666D417}.Debug|Win32.ActiveCfg = Debug|Win32
		{57C951FB-5F22-4264-A927-0857E666D417}.Debug|Win32.Build.0 = Debug|Win32
		{57C951FB-5F22-4264-A927-0857E666D417}.Debug|Win32.Deploy.0 = Debug|Win32
		{57C951FB-5F22-4264-A927-0857E666D417}.Debug|x64.ActiveCfg = Debug|x64
		{57C951FB-5F22-4264-A927-0857E666D417}.Debug|x64.Build.0 = Debug|x64
		{57C951FB-5F22-4264-A927-0857E666D417}.Debug|x64.Deploy.0 = Debug|x64
		{57C951FB-5F22-4264-A927-0857E666D417}.Release|Win32.ActiveCfg = Release|Win32
		{57C951FB-5F22-4264-A927-0857E666D417}.Release|Win32.Build.0 = Release|Win32
		{57C951FB-5F22-4264-A927-0857E666D417}.Release|Win32.Deploy.0 = Release|Win32
		{57C951FB-5F22-4264-A927-0857E666D417}.Release|x64.ActiveCfg = Release|x64
		{57C951FB-5F22-4264-A927-0857E666D417}.Release|x64.Build.0 = Release|x64
		{57C951FB-5F22-4264-A927-0857E666D417}.Release|x64.Deploy.0 = Release|x64
		{51361E79-0236-4F28-ABF3-33CED2CFB434}.Debug|Win32.ActiveCfg = Debug|Win32
		{51361E79-0236-4F28-ABF3-33CED2CFB434}.Debug|Win32.Build.0 = Debug|Win32
		{51361E79-0236-4F28-ABF3-33CED2CFB434}.Debug|Win32.Deploy.0 = Debug|Win32
		{51361E79-0236-4F28-ABF3-33CED2CFB434}.Debug|x64.ActiveCfg = Debug|x64
		{51361E79-0236-4F28-ABF3-33CED2CFB434}.Debug|x64.Build.0 = Debug|x64
		{51361E79-0236-4F28-ABF3-33CED2CFB434}.Debug|x64.Deploy.0 = Debug|x64
		{51361E79-0236-4F28-ABF3-33CED2CFB434}.Release|Win32.ActiveCfg = Release|Win32
		{51361E79-0236-4F28-ABF3-33CED2CFB434}.Release|Win32.Build.0 = Release|Win32
		{51361E79-0236-4F28-ABF3-33CED2CFB434}.Release|Win32.Deploy.0 = Release|Win32
		{51361E79-0236-4F28-ABF3-33CED2CFB434}.Release|x64.ActiveCfg = Release|x64
		{51361E79-0236-4F28-ABF3-33CED2CFB434}.Release|x64.Build.0 = Release|x64
		{51361E79-0236-4F28-ABF3-33CED2CFB434}.Release|x64.Deploy.0 = Release|x64
		{F501BA66-E122-4EA0-ABDE-98932A294D63}.Debug|Win32.ActiveCfg = Debug|Win32
		{F501BA66-E122-4EA0-ABDE-98932A294D63}.Debug|Win32.Build.0 = Debug|Win32
		{F501BA66-E122-4EA0-ABDE-98932A294D63}.Debug|Win32.Deploy.0 = Debug|Win32
		{F501BA66-E122-4EA0-ABDE-98932A294D63}.Debug|x64.ActiveCfg = Debug|x64
		{F501BA66-E122-4EA0-ABDE-98932A294D63}.Debug|x64.Build.0 = Debug|x64
		{F501BA66-E122-4EA0-ABDE-98932A294D63}.Debug|x64.Deploy.0 = Debug|x64
		{F501BA66-E122-4EA0-ABDE-98932A294D63}.Release|Win32.ActiveCfg = Release|Win32
		{F501BA66-E122-4EA0-ABDE-98932A294D63}.Release|Win32.Build.0 = Release|Win32
		{F501BA66-E122-4EA0-ABDE-98932A294D63}.Release|Win32.Deploy.0 = Release|Win32
		{F501BA66-E122-4EA0-ABDE-98932A294D63}.Release|x64.ActiveCfg = Release|x64
		{F501BA66-E122-4EA0-ABDE-98932A294D63}.Release|x64.Build.0 = Release|x64
		{F501BA66-E122-4EA0-ABDE-98932A294D63}.Release|x64.Deploy.0 = Release|x64
		{C18C825D-C993-4429-BD36-91FB190AC03D}.Debug|Win32.ActiveCfg = Debug|Win32
		{C18C825D-C993-4429-BD36-91FB190AC03D}.Debug|Win32.Build.0 = Debug|Win32
		{C18C825D-C993-4429-BD36-91FB190AC03D}.Debug|Win32.Deploy.0 = Debug|Win32
		{C18C825D-C993-4429-BD36-91FB190AC03D}.Debug|x64.ActiveCfg = Debug|x64
		{C18C825D-C993-4429-BD36-91FB190AC03D}.Debug|x64.Build.0 = Debug|x64
		{C18C825D-C993-4429-BD36-91FB190AC03D}.Debug|x64.Deploy.0 = Debug|x64
		{C18C825D-C993-4429-BD36-91FB190AC03D}.Release|Win32.ActiveCfg = Release|Win32
		{C18C825D-C993-4429-BD36-91FB190AC03D}.Release|Win32.Build.0 = Release|Win32
		{C18C825D-C993-4429-BD36-91FB190AC03D}.Release|Win32.Deploy.0 = Release|Win32
		{C18C825D-C993-4429-BD36-91FB190AC03D}.Release|x64.ActiveCfg = Release|x64
		{C18C825D-C993-4429-BD36-91FB190AC03D}.Release|x64.Build.0 = Release|x64
		{C18C825D-C993-4429-BD36-91FB190AC03D}.Release|x64.Deploy.0 = Release|x64
		{A55ACAF6-02D4-4408-A2D3-B100D527D008}.Debug|Win32.ActiveCfg = Debug|Win32
		{A55ACAF6-02D4-4408-A2D3-B100D527D008}.Debug|Win32.Build.0 = Debug|Win32
		{A55ACAF6-02D4-4408-A2D3-B100D527D008}.Debug|Win32.Deploy.0 = Debug|Win32
		{A55ACAF6-02D4-4408-A2D3-B100D527D008}.Debug|x64.ActiveCfg = Debug|x64
		{A55ACAF6-02D4-4408-A2D3-B100D527D008}.Debug|x64.Build.0 = Debug|x64
		{A55ACAF6-02D4-4408-A2D3-B100D527D008}.Debug|x64.Deploy.0 = Debug|x64
		{A55ACAF6-02D4-4408-A2D3-B100D527D008}.Release|Win32.ActiveCfg = Release|Win32
		{A55ACAF6-02D4-4408-A2D3-B100D527D008}.Release|Win32.Build.0 = Release|Win32
		{A55ACAF6-02D4-4408-A2D3-B100D527D008}.Release|Win32.Deploy.0 = Release|Win32
		{A55ACAF6-02D4-4408-A2D3-B100D527D008}.Release|x64.ActiveCfg = Release|x64
		{A55ACAF6-02D4-4408-A2D3-B100D527D008}.Release|x64.Build.0 = Release|x64
		{A55ACAF6-02D4-4408-A2D3-B100D527D008}.Release|x64.Deploy.0 = Release|x64
		{9B5CE282-7672-477B-B07A-DDC8113E542A}.Debug|Win32.ActiveCfg = Debug|Win32
		{9B5CE282-7672-477B-B07A-DDC8113E542A}.Debug|Win32.Build.0 = Debug|Win32
		{9B5CE282-7672-477B-B07A-DDC8113E542A}.Debug|Win32.Deploy.0 = Debug|Win32
		{9B5CE282-7672-477B-B07A-DDC8113E542A}.Debug|x64.ActiveCfg = Debug|x64
		{9B5CE282-7672-477B-B07A-DDC8113E542A}.Debug|x64.Build.0 = Debug|x64
		{9B5CE282-7672-477B-B07A-DDC8113E542A}.Debug|x64.Deploy.0 = Debug|x64
		{9B5CE282-7672-477B-B07A-DDC8113E542A}.Release|Win32.ActiveCfg = Release|Win32
		{9B5CE282-7672-477B-B07A-DDC8113E542A}.Release|Win32.Build.0 = Release|Win32
		{9B5CE282-7672-477B-B07A-DDC8113E542A}.Release|Win32.Deploy.0 = Release|Win32
		{9B5CE282-7672-477B-B07A-DDC8113E542A}.Release|x64.ActiveCfg = Release|x64
		{9B5CE282-7672-477B-B07A-DDC8113E542A}.Release|x64.Build.0 = Release|x64
		{9B5CE282-7672-477B-B07A-DDC8113E542A}.Release|x64.Deploy.0 = Release|x64
		{67EF2D27-85D3-4602-804D-B0DC66E8C0E1}.Debug|Win32.ActiveCfg = Debug|Win32
		{67EF2D27-85D3-4602-804D-B0DC66E8C0E1}.Debug|Win32.Build.0 = Debug|Win32
		{67EF2D27-85D3-4602-804D-B0DC66E8C0E1}.Debug|Win32.Deploy.0 = Debug|Win32
		{67EF2D27-85D3-4602-804D-B0DC66E8C0E1}.Debug|x64.ActiveCfg = Debug|x64
		{67EF2D27-85D3-4602-804D-B0DC66E8C0E1}.Debug|x64.Build.0 = Debug|x64
		{67EF2D27-85D3-4602-804D-B0DC66E8C0E1}.Debug|x64.Deploy.0 = Debug|x64
		{67EF2D27-85D3-4602-804D-B0DC66E8C0E1}.Release|Win32.ActiveCfg = Release|Win32
		{67EF2D27-85D3-4602-804D-B0DC66E8C0E1}.Release|Win32.Build.0 = Release|Win32
		{67EF2D27-85D3-4602-804D-B0DC66E8C0E1}.Release|Win32.Deploy.0 = Release|Win32
		{67EF2D27-85D3-4602-804D-B0DC66E8C0E1}.Release|x64.ActiveCfg = Release|x64
		{67EF2D27-85D3-4602-804D-B0DC66E8C0E1}.Release|x64.Build.0 = Release|x64
		{67EF2D27-85D3-4602-804D-B0DC66E8C0E1}.Release|x64.Deploy.0 = Release|x64
		{61D3AF95-4248-4739-B816-399D475374CA}.Debug|Win32.ActiveCfg = Debug|Win32
		{61D3AF95-4248-4739-B816-399D475374CA}.Debug|Win32.Build.0 = Debug|Win32
		{61D3AF95-4248-4739-B816-399D475374CA}.Debug|Win32.Deploy.0 = Debug|Win32
		{61D3AF95-4248-4739-B816-399D475374CA}.Debug|x64.ActiveCfg = Debug|x64
		{61D3AF95-4248-4739-B816-399D475374CA}.Debug|x64.Build.0 = Debug|x64
		{61D3AF95-4248-4739-B816-399D475374CA}.Debug|x64.Deploy.0 = Debug|x64
		{61D3AF95-4248-4739-B816-399D475374CA}.Release|Win32.ActiveCfg = Release|Win32
		{61D3AF95-4248-4739-B816-399D475374CA}.Release|Win32.Build.0 = Release|Win32
		{61D3AF95-4248-4739-B816-399D475374CA}.Release|Win32.Deploy.0 = Release|Win32
		{61D3AF95-4248-4739-B816-399D475374CA}.Release|x64.ActiveCfg = Release|x64
		{61D3AF95-4248-4739-B816-399D475374CA}.Release|x64.Build.0 = Release|x64
		{61D3AF95-4248-4739-B816-399D475374CA}.Release|x64.Deploy.0 = Release|x64
		{0659CC14-8A8D-484A-A911-C308B3F6A4E7}.Debug|Win32.ActiveCfg = Debug|Win32
		{0659CC14-8A8D-484A-A911-C308B3F6A4E7}.Debug|Win32.Build.0 = Debug|Win32
		{0659CC14-8A8D-484A-A911-C308B3F6A4E7}.Debug|Win32.Deploy.0 = Debug|Win32
		{0659CC14-8A8D-484A-A911-C308B3F6A4E7}.Debug|x64.ActiveCfg = Debug|x64
		{0659CC14-8A8D-484A-A911-C308B3F6A4E7}.Debug|x64.Build.0 = Debug|x64
		{0659CC14-8A8D-484A-A911-C308B3F6A4E7}.Debug|x64.Deploy.0 = Debug|x64
		{0659CC14-8A8D-484A-A911-C308B3F6A4E7}.Release|Win32.ActiveCfg = Release|Win32
		{0659CC14-8A8D-484A-A911-C308B3F6A4E7}.Release|Win32.Build.0 = Release|Win32
		{0659CC14-8A8D-484A-A911-C308B3F6A4E7}.Release|Win32.Deploy.0 = Release|Win32
		{0659CC14-8A8D-484A-A911-C308B3F6A4E7}.Release|x64.ActiveCfg = Release|x64
		{0659CC14-8A8D-484A-A911-C308B3F6A4E7}.Release|x64.Build.0 = Release|x64
		{0659CC14-8A8D-484A-A911-C308B3F6A4E7}.Release|x64.Deploy.0 = Release|x64
		{6F8D4699-1113-45F6-9DB4-5732D84DA46D}.Debug|Win32.ActiveCfg = Debug|Win32
		{6F8D4699-1113-45F6-9DB4-5732D84DA46D}.Debug|Win32.Build.0 = Debug|Win32
		{6F8D4699-1113-45F6-9DB4-5732D84DA46D}.Debug|Win32.Deploy.0 = Debug|Win32
		{6F8D4699-1113-45F6-9DB4-5732D84DA46D}.Debug|x64.ActiveCfg = Debug|x64
		{6F8D4699-1113-45F6-9DB4-5732D84DA46D}.Debug|x64.Build.0 = Debug|x64
		{6F8D4699-1113-45F6-9DB4-5732D84DA46D}.Debug|x64.Deploy.0 = Debug|x64
		{6F8D4699-1113-45F6-9DB4-5732D84DA46D}.Release|Win32.ActiveCfg = Release|Win32
		{6F8D4699-1113-45F6-9DB4-5732D84DA46D}.Release|Win32.Build.0 = Release|Win32
		{6F8D4699-1113-45F6-9DB4-5732D84DA46D}.Release|Win32.Deploy.0 = Release|Win32
		{6F8D4699-1113-45F6-9DB4-5732D84DA46D}.Release|x64.ActiveCfg = Release|x64
		{6F8D4699-1113-45F6-9DB4-5732D84DA46D}.Release|x64.Build.0 = Release|x64
		{6F8D4699-1113-45F6-9DB4-5732D84DA46D}.Release|x64.Deploy.0 = Release|x64
		{3047F9D0-5796-4EF8-8BE2-E2285EA889E2}.Debug|Win32.ActiveCfg = Debug|Win32
		{3047F9D0-5796-4EF8-8BE2-E2285EA889E2}.Debug|Win32.Build.0 = Debug|Win32
		{3047F9D0-5796-4EF8-8BE2-E2285EA889E2}.Debug|Win32.Deploy.0 = Debug|Win32
		{3047F9D0-5796-4EF8-8BE2-E2285EA889E2}.Debug|x64.ActiveCfg = Debug|x64
		{3047F9D0-5796-4EF8-8BE2-E2285EA889E2}.Debug|x64.Build.0 = Debug|x64
		{3047F9D0-5796-4EF8-8BE2-E2285EA889E2}.Debug|x64.Deploy.0 = Debug|x64
		{3047F9D0-5796-4EF8-8BE2-E2285EA889E2}.Release|Win32.ActiveCfg = Release|Win32
		{3047F9D0-5796-4EF8-8BE2-E2285EA889E2}.Release|Win32.Build.0 = Release|Win32
		{3047F9D0-5796-4EF8-8BE2-E2285EA889E2}.Release|Win32.Deploy.0 = Release|Win32
		{3047F9D0-5796-4EF8-8BE2-E2285EA889E2}.Release|x64.ActiveCfg = Release|x64
		{3047F9D0-5796-4EF8-8BE2-E2285EA889E2}.Release|x64.Build.0 = Release|x64
		{3047F9D0-5796-4EF8-8BE2-E2285EA889E2}.Release|x64.Deploy.0 = Release|x64
		{6DBF0CD3-EF86-4064-B562-35AC0FE682BC}.Debug|Win32.ActiveCfg = Debug|Win32
		{6DBF0CD3-EF86-4064-B562-35AC0FE682BC}.Debug|Win32.Build.0 = Debug|Win32
		{6DBF0CD3-EF86-4064-B562-35AC0FE682BC}.Debug|Win32.Deploy.0 = Debug|Win32
		{6DBF0CD3-EF86-4064-B562-35AC0FE682BC}.Debug|x64.ActiveCfg = Debug|x64
		{6DBF0CD3-EF86-4064-B562-35AC0FE682BC}.Debug|x64.Build.0 = Debug|x64
		{6DBF0CD3-EF86-4064-B562-35AC0FE682BC}.Debug|x64.Deploy.0 = Debug|x64
		{6DBF0CD3-EF86-4064-B562-35AC0FE682BC}.Release|Win32.ActiveCfg = Release|Win32
		{6DBF0CD3-EF86-4064-B562-35AC0FE682BC}.Release|Win32.Build.0 = Release|Win32
		{6DBF0CD3-EF86-4064-B562-35AC0FE682BC}.Release|Win32.Deploy.0 = Release|Win32
		{6DBF0CD3-EF86-4064-B562-35AC0FE682BC}.Release|x64.ActiveCfg = Release|x64
		{6DBF0CD3-EF86-4064-B562-35AC0FE682BC}.Release|x64.Build.0 = Release|x64
		{6DBF0CD3-EF86-4064-B562-35AC0FE682BC}.Release|x64.Deploy.0 = Release|x64
		{884A8329-C714-4F8B-9AA8-F8058B3438CB}.Debug|Win32.ActiveCfg = Debug|Win32
		{884A8329-C714-4F8B-9AA8-F8058B3438CB}.Debug|Win32.Build.0 = Debug|Win32
		{884A8329-C714-4F8B-9AA8-F8058B3438CB}.Debug|Win32.Deploy.0 = Debug|Win32
		{884A8329-C714-4F8B-9AA8-F8058B3438CB}.Debug|x64.ActiveCfg = Debug|x64
		{884A8329-C714-4F8B-9AA8-F8058B3438CB}.Debug|x64.Build.0 = Debug|x64
		{884A8329-C714-4F8B-9AA8-F8058B3438CB}.Debug|x64.Deploy.0 = Debug|x64
		{884A8329-C714-4F8B-9AA8-F8058B3438CB}.Release|Win32.ActiveCfg = Release|Win32
		{884A8329-C714-4F8B-9AA8-F8058B3438CB}.Release|Win32.Build.0 = Release|Win32
		{884A8329-C714-4F8B-9AA8-F8058B3438CB}.Release|Win32.Deploy.0 = Release|Win32
		{884A8329-C714-4F8B-9AA8-F8058B3438CB}.Release|x64.ActiveCfg = Release|x64
		{884A8329-C714-4F8B-9AA8-F8058B3438CB}.Release|x64.Build.0 = Release|x64
		{884A8329-C714-4F8B-9AA8-F8058B3438CB}.Release|x64.Deploy.0 = Release|x64
		{79F7DCE0-E5FA-47CC-A1DB-34B10B9726B2}.Debug|Win32.ActiveCfg = Debug|Win32
		{79F7DCE0-E5FA-47CC-A1DB-34B10B9726B2}.Debug|Win32.Build.0 = Debug|Win32
		{79F7DCE0-E5FA-47CC-A1DB-34B10B9726B2}.Debug|Win32.Deploy.0 = Debug|Win32
		{79F7DCE0-E5FA-47CC-A1DB-34B10B9726B2}.Debug|x64.ActiveCfg = Debug|x64
		{79F7DCE0-E5FA-47CC-A1DB-34B10B9726B2}.Debug|x64.Build.0 = Debug|x64
		{79F7DCE0-E5FA-47CC-A1DB-34B10B9726B2}.Debug|x64.Deploy.0 = Debug|x64
		{79F7DCE0-E5FA-47CC-A1DB-34B10B9726B2}.Release|Win32.ActiveCfg = Release|Win32
		{79F7DCE0-E5FA-47CC-A1DB-34B10B9726B2}.Release|Win32.Build.0 = Release|Win32
		{79F7DCE0-E5FA-47CC-A1DB-34B10B9726B2}.Release|Win32.Deploy.0 = Release|Win32
		{79F7DCE0-E5FA-47CC-A1DB-34B10B9726B2}.Release|x64.ActiveCfg = Release|x64
		{79F7DCE0-E5FA-47CC-A1DB-34B10B9726B2}.Release|x64.Build.0 = Release|x64
		{79F7DCE0-E5FA-47CC-A1DB-34B10B9726B2}.Release|x64.Deploy.0 = Release|x64
		{7481F884-33B3-4D98-A4B7-8C24B48F648E}.Debug|Win32.ActiveCfg = Debug|Win32
		{7481F884-33B3-4D98-A4B7-8C24B48F648E}.Debug|Win32.Build.0 = Debug|Win32
		{7481F884-33B3-4D98-A4B7-8C24B48F648E}.Debug|Win32.Deploy.0 = Debug|Win32
		{7481F884-33B3-4D98-A4B7-8C24B48F648E}.Debug|x64.ActiveCfg = Debug|x64
		{7481F884-33B3-4D98-A4B7-8C24B48F648E}.Debug|x64.Build.0 = Debug|x64
		{7481F884-33B3-4D98-A4B7-8C24B48F648E}.Debug|x64.Deploy.0 = Debug|x64
		{7481F884-33B3-4D98-A4B7-8C24B48F648E}.Release|Win32.ActiveCfg = Release|Win32
		{7481F884-33B3-4D98-A4B7-8C24B48F648E}.Release|Win32.Build.0 = Release|Win32
		{7481F884-33B3-4D98-A4B7-8C24B48F648E}.Release|Win32.Deploy.0 = Release|Win32
		{7481F884-33B3-4D98-A4B7-8C24B48F648E}.Release|x64.ActiveCfg = Release|x64
		{7481F884-33B3-4D98-A4B7-8C24B48F648E}.Release|x64.Build.0 = Release|x64
		{7481F884-33B3-4D98-A4B7-8C24B48F648E}.Release|x64.Deploy.0 = Release|x64
		{3FBC28E5-3590-4161-87FC-AF2DF32AD9D0}.Debug|Win32.ActiveCfg = Debug|Win32
		{3FBC28E5-3590-4161-87FC-AF2DF32AD9D0}.Debug|Win32.Build.0 = Debug|Win32
		{3FBC28E5-3590-4161-87FC-AF2DF32AD9D0}.Debug|Win32.Deploy.0 = Debug|Win32
		{3FBC28E5-3590-4161-87FC-AF2DF32AD9D0}.Debug|x64.ActiveCfg = Debug|x64
		{3FBC28E5-3590-4161-87FC-AF2DF32AD9D0}.Debug|x64.Build.0 = Debug|x64
		{3FBC28E5-3590-4161-87FC-AF2DF32AD9D0}.Debug|x64.Deploy.0 = Debug|x64
		{3FBC28E5-3590-4161-87FC-AF2DF32AD9D0}.Release|Win32.ActiveCfg = Release|Win32
		{3FBC28E5-3590-4161-87FC-AF2DF32AD9D0}.Release|Win32.Build.0 = Release|Win32
		{3FBC28E5-3590-4161-87FC-AF2DF32AD9D0}.Release|Win32.Deploy.0 = Release|Win32
		{3FBC28E5-3590-4161-87FC-AF2DF32AD9D0}.Release|x64.ActiveCfg = Release|x64
		{3FBC28E5-3590-4161-87FC-AF2DF32AD9D0}.Release|x64.Build.0 = Release|x64
		{3FBC28E5-3590-4161-87FC-AF2DF32AD9D0}.Release|x64.Deploy.0 = Release|x64
		{4A91F656-CE2A-440D-9B73-17B3C7568EF0}.Debug|Win32.ActiveCfg = Debug|Win32
		{4A91F656-CE2A-440D-9B73-17B3C7568EF0}.Debug|Win32.Build.0 = Debug|Win32
		{4A91F656-CE2A-440D-9B73-17B3C7568EF0}.Debug|Win32.Deploy.0 = Debug|Win32
		{4A91F656-CE2A-440D-9B73-17B3C7568EF0}.Debug|x64.ActiveCfg = Debug|x64
		{4A91F656-CE2A-440D-9B73-17B3C7568EF0}.Debug|x64.Build.0 = Debug|x64
		{4A91F656-CE2A-440D-9B73-17B3C7568EF0}.Debug|x64.Deploy.0 = Debug|x64
		{4A91F656-CE2A-440D-9B73-17B3C7568EF0}.Release|Win32.ActiveCfg = Release|Win32
		{4A91F656-CE2A-440D-9B73-17B3C7568EF0}.Release|Win32.Build.0 = Release|Win32
		{4A91F656-CE2A-440D-9B73-17B3C7568EF0}.Release|Win32.Deploy.0 = Release|Win32
		{4A91F656-CE2A-440D-9B73-17B3C7568EF0}.Release|x64.ActiveCfg = Release|x64
		{4A91F656-CE2A-440D-9B73-17B3C7568EF0}.Release|x64.Build.0 = Release|x64
		{4A91F656-CE2A-440D-9B73-17B3C7568EF0}.Release|x64.Deploy.0 = Release|x64
		{C8BDC057-2FEC-4B27-9656-597591021C10}.Debug|Win32.ActiveCfg = Debug|Win32
		{C8BDC057-2FEC-4B27-9656-597591021C10}.Debug|Win32.Build.0 = Debug|Win32
		{C8BDC057-2FEC-4B27-9656-597591021C10}.Debug|Win32.Deploy.0 = Debug|Win32
		{C8BDC057-2FEC-4B27-9656-597591021C10}.Debug|x64.ActiveCfg = Debug|x64
		{C8BDC057-2FEC-4B27-9656-597591021C10}.Debug|x64.Build.0 = Debug|x64
		{C8BDC057-2FEC-4B27-9656-597591021C10}.Debug|x64.Deploy.0 = Debug|x64
		{C8BDC057-2FEC-4B27-9656-597591021C10}.Release|Win32.ActiveCfg = Release|Win32
		{C8BDC057-2FEC-4B27-9656-597591021C10}.Release|Win32.Build.0 = Release|Win32
		{C8BDC057-2FEC-4B27-9656-597591021C10}.Release|Win32.Deploy.0 = Release|Win32
		{C8BDC057-2FEC-4B27-9656-597591021C10}.Release|x64.ActiveCfg = Release|x64
		{C8BDC057-2FEC-4B27-9656-597591021C10}.Release|x64.Build.0 = Release|x64
		{C8BDC057-2FEC-4B27-9656-597591021C10}.Release|x64.Deploy.0 = Release|x64
		{8D683E30-DC70-4530-BD7F-3C9D4E4389BF}.Debug|Win32.ActiveCfg = Debug|Win32
		{8D683E30-DC70-4530-BD7F-3C9D4E4389BF}.Debug|Win32.Build.0 = Debug|Win32
		{8D683E30-DC70-4530-BD7F-3C9D4E4389BF}.Debug|Win32.Deploy.0 = Debug|Win32
		{8D683E30-DC70-4530-BD7F-3C9D4E4389BF}.Debug|x64.ActiveCfg = Debug|x64
		{8D683E30-DC70-4530-BD7F-3C9D4E4389BF}.Debug|x64.Build.0 = Debug|x64
		{8D683E30-DC70-4530-BD7F-3C9D4E4389BF}.Debug|x64.Deploy.0 = Debug|x64
		{8D683E30-DC70-4530-BD7F-3C9D4E4389BF}.Release|Win32.ActiveCfg = Release|Win32
		{8D683E30-DC70-4530-BD7F-3C9D4E4389BF}.Release|Win32.Build.0 = Release|Win32
		{8D683E30-DC70-4530-BD7F-3C9D4E4389BF}.Release|Win32.Deploy.0 = Release|Win32
		{8D683E30-DC70-4530-BD7F-3C9D4E4389BF}.Release|x64.ActiveCfg = Release|x64
		{8D683E30-DC70-4530-BD7F-3C9D4E4389BF}.Release|x64.Build.0 = Release|x64
		{8D683E30-DC70-4530-BD7F-3C9D4E4389BF}.Release|x64.Deploy.0 = Release|x64
		{AF42ECA6-B21A-46A4-8352-0322C94B20DA}.Debug|Win32.ActiveCfg = Debug|Win32
		{AF42ECA6-B21A-46A4-8352-0322C94B20DA}.Debug|Win32.Build.0 = Debug|Win32
		{AF42ECA6-B21A-46A4-8352-0322C94B20DA}.Debug|Win32.Deploy.0 = Debug|Win32
		{AF42ECA6-B21A-46A4-8352-0322C94B20DA}.Debug|x64.ActiveCfg = Debug|x64
		{AF42ECA6-B21A-46A4-8352-0322C94B20DA}.Debug|x64.Build.0 = Debug|x64
		{AF42ECA6-B21A-46A4-8352-0322C94B20DA}.Debug|x64.Deploy.0 = Debug|x64
		{AF42ECA6-B21A-46A4-8352-0322C94B20DA}.Release|Win32.ActiveCfg = Release|Win32
		{AF42ECA6-B21A-46A4-8352-0322C94B20DA}.Release|Win32.Build.0 = Release|Win32
		{AF42ECA6-B21A-46A4-8352-0322C94B20DA}.Release|Win32.Deploy.0 = Release|Win32
		{AF42ECA6-B21A-46A4-8352-0322C94B20DA}.Release|x64.ActiveCfg = Release|x64
		{AF42ECA6-B21A-46A4-8352-0322C94B20DA}.Release|x64.Build.0 = Release|x64
		{AF42ECA6-B21A-46A4-8352-0322C94B20DA}.Release|x64.Deploy.0 = Release|x64
		{9C54BD41-698A-432D-BCC3-402B85BAD6F8}.Debug|Win32.ActiveCfg = Debug|Win32
		{9C54BD41-698A-432D-BCC3-402B85BAD6F8}.Debug|Win32.Build.0 = Debug|Win32
		{9C54BD41-698A-432D-BCC3-402B85BAD6F8}.Debug|Win32.Deploy.0 = Debug|Win32
		{9C54BD41-698A-432D-BCC3-402B85BAD6F8}.Debug|x64.ActiveCfg = Debug|x64
		{9C54BD41-698A-432D-BCC3-402B85BAD6F8}.Debug|x64.Build.0 = Debug|x64
		{9C54BD41-698A-432D-BCC3-402B85BAD6F8}.Debug|x64.Deploy.0 = Debug|x64
		{9C54BD41-698A-432D-BCC3-402B85BAD6F8}.Release|Win32.ActiveCfg = Release|Win32
		{9C54BD41-698A-432D-BCC3-402B85BAD6F8}.Release|Win32.Build.0 = Release|Win32
		{9C54BD41-698A-432D-BCC3-402B85BAD6F8}.Release|Win32.Deploy.0 = Release|Win32
		{9C54BD41-698A-432D-BCC3-402B85BAD6F8}.Release|x64.ActiveCfg = Release|x64
		{9C54BD41-698A-432D-BCC3-402B85BAD6F8}.Release|x64.Build.0 = Release|x64
		{9C54BD41-698A-432D-BCC3-402B85BAD6F8}.Release|x64.Deploy.0 = Release|x64
		{4422A9E1-5246-47C6-9566-B31F9369CBC9}.Debug|Win32.ActiveCfg = Debug|Win32
		{4422A9E1-5246-47C6-9566-B31F9369CBC9}.Debug|Win32.Build.0 = Debug|Win32
		{4422A9E1-5246-47C6-9566-B31F9369CBC9}.Debug|Win32.Deploy.0 = Debug|Win32
		{4422A9E1-5246-47C6-9566-B31F9369CBC9}.Debug|x64.ActiveCfg = Debug|x64
		{4422A9E1-5246-47C6-9566-B31F9369CBC9}.Debug|x64.Build.0 = Debug|x64
		{4422A9E1-5246-47C6-9566-B31F9369CBC9}.Debug|x64.Deploy.0 = Debug|x64
		{4422A9E1-5246-47C6-9566-B31F9369CBC9}.Release|Win32.ActiveCfg = Release|Win32
		{4422A9E1-5246-47C6-9566-B31F9369CBC9}.Release|Win32.Build.0 = Release|Win32
		{4422A9E1-5246-47C6-9566-B31F9369CBC9}.Release|Win32.Deploy.0 = Release|Win32
		{4422A9E1-5246-47C6-9566-B31F9369CBC9}.Release|x64.ActiveCfg = Release|x64
		{4422A9E1-5246-47C6-9566-B31F9369CBC9}.Release|x64.Build.0 = Release|x64
		{4422A9E1-5246-47C6-9566-B31F9369CBC9}.Release|x64.Deploy.0 = Release|x64
		{D7363739-CCA1-479F-9E62-64CF10813196}.Debug|Win32.ActiveCfg = Debug|Win32
		{D7363739-CCA1-479F-9E62-64CF10813196}.Debug|Win32.Build.0 = Debug|Win32
		{D7363739-CCA1-479F-9E62-64CF10813196}.Debug|Win32.Deploy.0 = Debug|Win32
		{D7363739-CCA1-479F-9E62-64CF10813196}.Debug|x64.ActiveCfg = Debug|x64
		{D7363739-CCA1-479F-9E62-64CF10813196}.Debug|x64.Build.0 = Debug|x64
		{D7363739-CCA1-479F-9E62-64CF10813196}.Debug|x64.Deploy.0 = Debug|x64
		{D7363739-CCA1-479F-9E62-64CF10813196}.Release|Win32.ActiveCfg = Release|Win32
		{D7363739-CCA1-479F-9E62-64CF10813196}.Release|Win32.Build.0 = Release|Win32
		{D7363739-CCA1-479F-9E62-64CF10813196}.Release|Win32.Deploy.0 = Release|Win32
		{D7363739-CCA1-479F-9E62-64CF10813196}.Release|x64.ActiveCfg = Release|x64
		{D7363739-CCA1-479F-9E62-64CF10813196}.Release|x64.Build.0 = Release|x64
		{D7363739-CCA1-479F-9E62-64CF10813196}.Release|x64.Deploy.0 = Release|x64
	EndGlobalSection
	GlobalSection(SolutionProperties) = preSolution
		HideSolutionNode = FALSE
	EndGlobalSection
EndGlobal
